
Microsoft Visual Studio Solution File, Format Version 12.00
# Visual Studio Version 17
VisualStudioVersion = 17.13.35818.85
MinimumVisualStudioVersion = 10.0.40219.1
Project("{FAE04EC0-301F-11D3-BF4B-00C04F79EFBC}") = "RCP.Project", "RCP.Project\RCP.Project.csproj", "{B234B8F1-E681-4DE6-9C5E-47093F937CE5}"
EndProject
Project("{2150E333-8FDC-42A3-9474-1A3956D46DE8}") = "Services", "Services", "{02EA681E-C7D8-13C7-8484-4AC65E1B71E8}"
EndProject
Project("{2150E333-8FDC-42A3-9474-1A3956D46DE8}") = "Authentication", "Authentication", "{A0D2A004-5821-4905-9A34-1D42FA38BB0D}"
EndProject
Project("{FAE04EC0-301F-11D3-BF4B-00C04F79EFBC}") = "RCP.Authentication.Domain", "Services\Authentication\RCP.Authentication.Domain\RCP.Authentication.Domain.csproj", "{DA131959-CD46-46CE-9931-B776F873152C}"
EndProject
Project("{FAE04EC0-301F-11D3-BF4B-00C04F79EFBC}") = "RCP.Authentication.ApplicationServices", "Services\Authentication\RCP.Authentication.ApplicationServices\RCP.Authentication.ApplicationServices.csproj", "{AD0D85D2-3A45-44BF-B9DA-693458B093FC}"
EndProject
Project("{FAE04EC0-301F-11D3-BF4B-00C04F79EFBC}") = "RCP.Authentication.Dtos", "Services\Authentication\RCP.Authentication.Dtos\RCP.Authentication.Dtos.csproj", "{F6AC2780-98E4-4D2B-8341-C437051208C5}"
EndProject
Project("{FAE04EC0-301F-11D3-BF4B-00C04F79EFBC}") = "RCP.Authentication.Infrastructure", "Services\Authentication\RCP.Authentication.Infrastructure\RCP.Authentication.Infrastructure.csproj", "{42BB57D7-AFD3-4FA6-5CD5-226EF88F63AD}"
EndProject
Project("{2150E333-8FDC-42A3-9474-1A3956D46DE8}") = "Shared", "Shared", "{8AAEE007-0AAE-45FA-B88C-2F25FF70F5B4}"
EndProject
Project("{FAE04EC0-301F-11D3-BF4B-00C04F79EFBC}") = "RCP.Shared.Constant", "Services\Shared\RCP.Shared.Constant\RCP.Shared.Constant.csproj", "{E82CF292-B80F-4989-B674-1E53D2606AF8}"
EndProject
Project("{FAE04EC0-301F-11D3-BF4B-00C04F79EFBC}") = "RCP.Shared.ApplicationService", "Services\Shared\RCP.Shared.ApplicationService\RCP.Shared.ApplicationService.csproj", "{14AF476E-6137-46C8-A111-C94944D33B3F}"
EndProject
Project("{2150E333-8FDC-42A3-9474-1A3956D46DE8}") = "Movie", "Movie", "{C16183EF-3C90-44A7-891C-29594C9496A4}"
EndProject
Project("{FAE04EC0-301F-11D3-BF4B-00C04F79EFBC}") = "RCP.Movie.ApplicationServices", "Services\Movie\RCP.Movie.ApplicationServices\RCP.Movie.ApplicationServices.csproj", "{4508CFE4-DD6A-172C-B3A2-A2F122D3161B}"
EndProject
Project("{FAE04EC0-301F-11D3-BF4B-00C04F79EFBC}") = "RCP.Movie.Domain", "Services\Movie\RCP.Movie.Domain\RCP.Movie.Domain.csproj", "{92237F8D-270E-99ED-2100-45E69D158EFF}"
EndProject
Project("{FAE04EC0-301F-11D3-BF4B-00C04F79EFBC}") = "RCP.Movie.Dtos", "Services\Movie\RCP.Movie.Dtos\RCP.Movie.Dtos.csproj", "{AAF633D7-5B55-804B-87B1-7032EDE63134}"
EndProject
Project("{FAE04EC0-301F-11D3-BF4B-00C04F79EFBC}") = "RCP.Movie.Infrastructure", "Services\Movie\RCP.Movie.Infrastructure\RCP.Movie.Infrastructure.csproj", "{31304B2D-945F-98A2-22DD-5A6B49FBEF2D}"
EndProject
Project("{2150E333-8FDC-42A3-9474-1A3956D46DE8}") = "Cinema", "Cinema", "{897881F8-CFD1-4BD0-82CF-CAF01D2983E7}"
EndProject
Project("{FAE04EC0-301F-11D3-BF4B-00C04F79EFBC}") = "RCP.Cinema.ApplicationServices", "Services\Cinema\RCP.Cinema.ApplicationServices\RCP.Cinema.ApplicationServices.csproj", "{1A39C0D6-7562-4861-9799-6C928F98FDEC}"
EndProject
Project("{FAE04EC0-301F-11D3-BF4B-00C04F79EFBC}") = "RCP.Cinema.Domain", "Services\Cinema\RCP.Cinema.Domain\RCP.Cinema.Domain.csproj", "{4D481606-3DB5-4555-996A-43259363150A}"
EndProject
Project("{FAE04EC0-301F-11D3-BF4B-00C04F79EFBC}") = "RCP.Cinema.Dtos", "Services\Cinema\RCP.Cinema.Dtos\RCP.Cinema.Dtos.csproj", "{385EEEA3-E529-45C1-8426-03C8D1FC181C}"
EndProject
Project("{FAE04EC0-301F-11D3-BF4B-00C04F79EFBC}") = "RCP.Cinema.Infrastructure", "Services\Cinema\RCP.Cinema.Infrastructure\RCP.Cinema.Infrastructure.csproj", "{50FB79AE-61BC-4848-887D-42EC99AD98A3}"
EndProject
Project("{2150E333-8FDC-42A3-9474-1A3956D46DE8}") = "Lib", "Lib", "{620B78B4-C6B8-4E4B-B236-965076E9F038}"
EndProject
Project("{FAE04EC0-301F-11D3-BF4B-00C04F79EFBC}") = "RCP.Lib.ApplicationService", "Services\Lib\RCP.Lib.ApplicationService\RCP.Lib.ApplicationService.csproj", "{985868B1-9D9D-4836-9AD0-9D09E554C89A}"
EndProject
Project("{FAE04EC0-301F-11D3-BF4B-00C04F79EFBC}") = "RCP.Lib.Domain", "Services\Lib\RCP.Lib.Domain\RCP.Lib.Domain.csproj", "{F788D142-4237-44EB-8A86-7DCBC0C1BFDD}"
EndProject
Project("{2150E333-8FDC-42A3-9474-1A3956D46DE8}") = "External", "External", "{51E575A1-505B-49A3-BAD0-2942AB07603D}"
EndProject
Project("{FAE04EC0-301F-11D3-BF4B-00C04F79EFBC}") = "RCP.External.ApplicationService", "Services\External\RCP.External.ApplicationService\RCP.External.ApplicationService.csproj", "{2F1EDE30-525D-4D4E-A32E-7F3FC8073465}"
EndProject
Project("{2150E333-8FDC-42A3-9474-1A3956D46DE8}") = "Asset", "Asset", "{32BC9805-778E-4089-AF25-EE90999F6CE2}"
EndProject
Project("{2150E333-8FDC-42A3-9474-1A3956D46DE8}") = "Menu", "Menu", "{D7FFC4A5-A041-4148-8A8C-75BBA05557E2}"
EndProject
Project("{FAE04EC0-301F-11D3-BF4B-00C04F79EFBC}") = "RCP.Asset.ApplicationServices", "Services\Asset\RCP.Asset.ApplicationServices\RCP.Asset.ApplicationServices.csproj", "{84C4CEB5-AA90-E4D0-AE48-6A167F463355}"
EndProject
Project("{FAE04EC0-301F-11D3-BF4B-00C04F79EFBC}") = "RCP.Asset.Domain", "Services\Asset\RCP.Asset.Domain\RCP.Asset.Domain.csproj", "{FB11E4EF-59D0-02B3-E048-ADE1C1F5E96F}"
EndProject
Project("{FAE04EC0-301F-11D3-BF4B-00C04F79EFBC}") = "RCP.Asset.Dtos", "Services\Asset\RCP.Asset.Dtos\RCP.Asset.Dtos.csproj", "{9B637FA8-3C23-33EA-DB12-6AC7BFAB2AB4}"
EndProject
Project("{FAE04EC0-301F-11D3-BF4B-00C04F79EFBC}") = "RCP.Asset.Infrastructure", "Services\Asset\RCP.Asset.Infrastructure\RCP.Asset.Infrastructure.csproj", "{90B8C92A-4AC9-B599-2598-EC6ED9036F1D}"
EndProject
Project("{FAE04EC0-301F-11D3-BF4B-00C04F79EFBC}") = "RCP.Menu.ApplicationService", "Services\Menu\RCP.Menu.ApplicationService\RCP.Menu.ApplicationService.csproj", "{0408FA6C-306E-4D1A-61AF-288D1912190B}"
EndProject
Project("{FAE04EC0-301F-11D3-BF4B-00C04F79EFBC}") = "RCP.Menu.Domain", "Services\Menu\RCP.Menu.Domain\RCP.Menu.Domain.csproj", "{DE076051-8B75-BD14-D183-A245040DF1F8}"
EndProject
Project("{FAE04EC0-301F-11D3-BF4B-00C04F79EFBC}") = "RCP.Menu.Dtos", "Services\Menu\RCP.Menu.Dtos\RCP.Menu.Dtos.csproj", "{6D407411-E211-CC1F-8BA8-E82D6EC2B621}"
EndProject
Project("{FAE04EC0-301F-11D3-BF4B-00C04F79EFBC}") = "RCP.Menu.Infrastructure", "Services\Menu\RCP.Menu.Infrastructure\RCP.Menu.Infrastructure.csproj", "{D2F4ABFA-20A1-DBF4-1950-FEA2BF0B5BE4}"
EndProject
Project("{2150E333-8FDC-42A3-9474-1A3956D46DE8}") = "Member", "Member", "{F1D49855-0D9B-4135-8506-85DBB3BBE6F5}"
EndProject
Project("{2150E333-8FDC-42A3-9474-1A3956D46DE8}") = "Datve", "Datve", "{0F4AADF8-18A8-4164-8CAC-88059D01ACB0}"
EndProject
Project("{FAE04EC0-301F-11D3-BF4B-00C04F79EFBC}") = "RCP.DatVe.ApplicationService", "Services\Datve\RCP.DatVe.ApplicationService\RCP.DatVe.ApplicationService.csproj", "{369616DB-2B47-4D63-B26A-5726B3693487}"
EndProject
Project("{FAE04EC0-301F-11D3-BF4B-00C04F79EFBC}") = "RCP.DatVe.Domain", "Services\Datve\RCP.DatVe.Domain\RCP.DatVe.Domain.csproj", "{7DF3E8E0-5470-42B0-ABDF-B5A0F89657ED}"
EndProject
Project("{FAE04EC0-301F-11D3-BF4B-00C04F79EFBC}") = "RCP.DatVe.Dtos", "Services\Datve\RCP.DatVe.Dtos\RCP.DatVe.Dtos.csproj", "{15031D96-A0EE-4BC1-9A7B-C35BC3ECEDBE}"
EndProject
Project("{FAE04EC0-301F-11D3-BF4B-00C04F79EFBC}") = "RCP.DatVe.Infrastructure", "Services\Datve\RCP.DatVe.Infrastructure\RCP.DatVe.Infrastructure.csproj", "{F3A44F42-8762-42D8-8BF8-94C1720DDA73}"
EndProject
Project("{2150E333-8FDC-42A3-9474-1A3956D46DE8}") = "HoaDon", "HoaDon", "{F033C1C0-1EE0-45FE-BAC3-DE92ADE95AEA}"
EndProject
Project("{FAE04EC0-301F-11D3-BF4B-00C04F79EFBC}") = "RCP.HoaDon.ApplicationService", "Services\HoaDon\RCP.HoaDon.ApplicationService\RCP.HoaDon.ApplicationService.csproj", "{EDBAB6D5-5E00-441A-A49E-AEE5B1892C35}"
EndProject
Project("{FAE04EC0-301F-11D3-BF4B-00C04F79EFBC}") = "RCP.HoaDon.Domain", "Services\HoaDon\RCP.HoaDon.Domain\RCP.HoaDon.Domain.csproj", "{25C29E32-A647-47FA-8379-FD579063015E}"
EndProject
Project("{FAE04EC0-301F-11D3-BF4B-00C04F79EFBC}") = "RCP.HoaDon.Dtos", "Services\HoaDon\RCP.HoaDon.Dtos\RCP.HoaDon.Dtos.csproj", "{9BA99A52-469B-495F-884B-EAD11CA6A38C}"
EndProject
Project("{FAE04EC0-301F-11D3-BF4B-00C04F79EFBC}") = "RCP.HoaDon.Infrastructure", "Services\HoaDon\RCP.HoaDon.Infrastructure\RCP.HoaDon.Infrastructure.csproj", "{381CDA8E-0B46-495A-962C-7D56C00911C9}"
EndProject
Global
	GlobalSection(SolutionConfigurationPlatforms) = preSolution
		Debug|Any CPU = Debug|Any CPU
		Release|Any CPU = Release|Any CPU
	EndGlobalSection
	GlobalSection(ProjectConfigurationPlatforms) = postSolution
		{B234B8F1-E681-4DE6-9C5E-47093F937CE5}.Debug|Any CPU.ActiveCfg = Debug|Any CPU
		{B234B8F1-E681-4DE6-9C5E-47093F937CE5}.Debug|Any CPU.Build.0 = Debug|Any CPU
		{B234B8F1-E681-4DE6-9C5E-47093F937CE5}.Release|Any CPU.ActiveCfg = Release|Any CPU
		{B234B8F1-E681-4DE6-9C5E-47093F937CE5}.Release|Any CPU.Build.0 = Release|Any CPU
		{DA131959-CD46-46CE-9931-B776F873152C}.Debug|Any CPU.ActiveCfg = Debug|Any CPU
		{DA131959-CD46-46CE-9931-B776F873152C}.Debug|Any CPU.Build.0 = Debug|Any CPU
		{DA131959-CD46-46CE-9931-B776F873152C}.Release|Any CPU.ActiveCfg = Release|Any CPU
		{DA131959-CD46-46CE-9931-B776F873152C}.Release|Any CPU.Build.0 = Release|Any CPU
		{AD0D85D2-3A45-44BF-B9DA-693458B093FC}.Debug|Any CPU.ActiveCfg = Debug|Any CPU
		{AD0D85D2-3A45-44BF-B9DA-693458B093FC}.Debug|Any CPU.Build.0 = Debug|Any CPU
		{AD0D85D2-3A45-44BF-B9DA-693458B093FC}.Release|Any CPU.ActiveCfg = Release|Any CPU
		{AD0D85D2-3A45-44BF-B9DA-693458B093FC}.Release|Any CPU.Build.0 = Release|Any CPU
		{F6AC2780-98E4-4D2B-8341-C437051208C5}.Debug|Any CPU.ActiveCfg = Debug|Any CPU
		{F6AC2780-98E4-4D2B-8341-C437051208C5}.Debug|Any CPU.Build.0 = Debug|Any CPU
		{F6AC2780-98E4-4D2B-8341-C437051208C5}.Release|Any CPU.ActiveCfg = Release|Any CPU
		{F6AC2780-98E4-4D2B-8341-C437051208C5}.Release|Any CPU.Build.0 = Release|Any CPU
		{42BB57D7-AFD3-4FA6-5CD5-226EF88F63AD}.Debug|Any CPU.ActiveCfg = Debug|Any CPU
		{42BB57D7-AFD3-4FA6-5CD5-226EF88F63AD}.Debug|Any CPU.Build.0 = Debug|Any CPU
		{42BB57D7-AFD3-4FA6-5CD5-226EF88F63AD}.Release|Any CPU.ActiveCfg = Release|Any CPU
		{42BB57D7-AFD3-4FA6-5CD5-226EF88F63AD}.Release|Any CPU.Build.0 = Release|Any CPU
		{E82CF292-B80F-4989-B674-1E53D2606AF8}.Debug|Any CPU.ActiveCfg = Debug|Any CPU
		{E82CF292-B80F-4989-B674-1E53D2606AF8}.Debug|Any CPU.Build.0 = Debug|Any CPU
		{E82CF292-B80F-4989-B674-1E53D2606AF8}.Release|Any CPU.ActiveCfg = Release|Any CPU
		{E82CF292-B80F-4989-B674-1E53D2606AF8}.Release|Any CPU.Build.0 = Release|Any CPU
		{14AF476E-6137-46C8-A111-C94944D33B3F}.Debug|Any CPU.ActiveCfg = Debug|Any CPU
		{14AF476E-6137-46C8-A111-C94944D33B3F}.Debug|Any CPU.Build.0 = Debug|Any CPU
		{14AF476E-6137-46C8-A111-C94944D33B3F}.Release|Any CPU.ActiveCfg = Release|Any CPU
		{14AF476E-6137-46C8-A111-C94944D33B3F}.Release|Any CPU.Build.0 = Release|Any CPU
		{4508CFE4-DD6A-172C-B3A2-A2F122D3161B}.Debug|Any CPU.ActiveCfg = Debug|Any CPU
		{4508CFE4-DD6A-172C-B3A2-A2F122D3161B}.Debug|Any CPU.Build.0 = Debug|Any CPU
		{4508CFE4-DD6A-172C-B3A2-A2F122D3161B}.Release|Any CPU.ActiveCfg = Release|Any CPU
		{4508CFE4-DD6A-172C-B3A2-A2F122D3161B}.Release|Any CPU.Build.0 = Release|Any CPU
		{92237F8D-270E-99ED-2100-45E69D158EFF}.Debug|Any CPU.ActiveCfg = Debug|Any CPU
		{92237F8D-270E-99ED-2100-45E69D158EFF}.Debug|Any CPU.Build.0 = Debug|Any CPU
		{92237F8D-270E-99ED-2100-45E69D158EFF}.Release|Any CPU.ActiveCfg = Release|Any CPU
		{92237F8D-270E-99ED-2100-45E69D158EFF}.Release|Any CPU.Build.0 = Release|Any CPU
		{AAF633D7-5B55-804B-87B1-7032EDE63134}.Debug|Any CPU.ActiveCfg = Debug|Any CPU
		{AAF633D7-5B55-804B-87B1-7032EDE63134}.Debug|Any CPU.Build.0 = Debug|Any CPU
		{AAF633D7-5B55-804B-87B1-7032EDE63134}.Release|Any CPU.ActiveCfg = Release|Any CPU
		{AAF633D7-5B55-804B-87B1-7032EDE63134}.Release|Any CPU.Build.0 = Release|Any CPU
		{31304B2D-945F-98A2-22DD-5A6B49FBEF2D}.Debug|Any CPU.ActiveCfg = Debug|Any CPU
		{31304B2D-945F-98A2-22DD-5A6B49FBEF2D}.Debug|Any CPU.Build.0 = Debug|Any CPU
		{31304B2D-945F-98A2-22DD-5A6B49FBEF2D}.Release|Any CPU.ActiveCfg = Release|Any CPU
		{31304B2D-945F-98A2-22DD-5A6B49FBEF2D}.Release|Any CPU.Build.0 = Release|Any CPU
		{1A39C0D6-7562-4861-9799-6C928F98FDEC}.Debug|Any CPU.ActiveCfg = Debug|Any CPU
		{1A39C0D6-7562-4861-9799-6C928F98FDEC}.Debug|Any CPU.Build.0 = Debug|Any CPU
		{1A39C0D6-7562-4861-9799-6C928F98FDEC}.Release|Any CPU.ActiveCfg = Release|Any CPU
		{1A39C0D6-7562-4861-9799-6C928F98FDEC}.Release|Any CPU.Build.0 = Release|Any CPU
		{4D481606-3DB5-4555-996A-43259363150A}.Debug|Any CPU.ActiveCfg = Debug|Any CPU
		{4D481606-3DB5-4555-996A-43259363150A}.Debug|Any CPU.Build.0 = Debug|Any CPU
		{4D481606-3DB5-4555-996A-43259363150A}.Release|Any CPU.ActiveCfg = Release|Any CPU
		{4D481606-3DB5-4555-996A-43259363150A}.Release|Any CPU.Build.0 = Release|Any CPU
		{385EEEA3-E529-45C1-8426-03C8D1FC181C}.Debug|Any CPU.ActiveCfg = Debug|Any CPU
		{385EEEA3-E529-45C1-8426-03C8D1FC181C}.Debug|Any CPU.Build.0 = Debug|Any CPU
		{385EEEA3-E529-45C1-8426-03C8D1FC181C}.Release|Any CPU.ActiveCfg = Release|Any CPU
		{385EEEA3-E529-45C1-8426-03C8D1FC181C}.Release|Any CPU.Build.0 = Release|Any CPU
		{50FB79AE-61BC-4848-887D-42EC99AD98A3}.Debug|Any CPU.ActiveCfg = Debug|Any CPU
		{50FB79AE-61BC-4848-887D-42EC99AD98A3}.Debug|Any CPU.Build.0 = Debug|Any CPU
		{50FB79AE-61BC-4848-887D-42EC99AD98A3}.Release|Any CPU.ActiveCfg = Release|Any CPU
		{50FB79AE-61BC-4848-887D-42EC99AD98A3}.Release|Any CPU.Build.0 = Release|Any CPU
		{985868B1-9D9D-4836-9AD0-9D09E554C89A}.Debug|Any CPU.ActiveCfg = Debug|Any CPU
		{985868B1-9D9D-4836-9AD0-9D09E554C89A}.Debug|Any CPU.Build.0 = Debug|Any CPU
		{985868B1-9D9D-4836-9AD0-9D09E554C89A}.Release|Any CPU.ActiveCfg = Release|Any CPU
		{985868B1-9D9D-4836-9AD0-9D09E554C89A}.Release|Any CPU.Build.0 = Release|Any CPU
		{F788D142-4237-44EB-8A86-7DCBC0C1BFDD}.Debug|Any CPU.ActiveCfg = Debug|Any CPU
		{F788D142-4237-44EB-8A86-7DCBC0C1BFDD}.Debug|Any CPU.Build.0 = Debug|Any CPU
		{F788D142-4237-44EB-8A86-7DCBC0C1BFDD}.Release|Any CPU.ActiveCfg = Release|Any CPU
		{F788D142-4237-44EB-8A86-7DCBC0C1BFDD}.Release|Any CPU.Build.0 = Release|Any CPU
		{2F1EDE30-525D-4D4E-A32E-7F3FC8073465}.Debug|Any CPU.ActiveCfg = Debug|Any CPU
		{2F1EDE30-525D-4D4E-A32E-7F3FC8073465}.Debug|Any CPU.Build.0 = Debug|Any CPU
		{2F1EDE30-525D-4D4E-A32E-7F3FC8073465}.Release|Any CPU.ActiveCfg = Release|Any CPU
		{2F1EDE30-525D-4D4E-A32E-7F3FC8073465}.Release|Any CPU.Build.0 = Release|Any CPU
		{84C4CEB5-AA90-E4D0-AE48-6A167F463355}.Debug|Any CPU.ActiveCfg = Debug|Any CPU
		{84C4CEB5-AA90-E4D0-AE48-6A167F463355}.Debug|Any CPU.Build.0 = Debug|Any CPU
		{84C4CEB5-AA90-E4D0-AE48-6A167F463355}.Release|Any CPU.ActiveCfg = Release|Any CPU
		{84C4CEB5-AA90-E4D0-AE48-6A167F463355}.Release|Any CPU.Build.0 = Release|Any CPU
		{FB11E4EF-59D0-02B3-E048-ADE1C1F5E96F}.Debug|Any CPU.ActiveCfg = Debug|Any CPU
		{FB11E4EF-59D0-02B3-E048-ADE1C1F5E96F}.Debug|Any CPU.Build.0 = Debug|Any CPU
		{FB11E4EF-59D0-02B3-E048-ADE1C1F5E96F}.Release|Any CPU.ActiveCfg = Release|Any CPU
		{FB11E4EF-59D0-02B3-E048-ADE1C1F5E96F}.Release|Any CPU.Build.0 = Release|Any CPU
		{9B637FA8-3C23-33EA-DB12-6AC7BFAB2AB4}.Debug|Any CPU.ActiveCfg = Debug|Any CPU
		{9B637FA8-3C23-33EA-DB12-6AC7BFAB2AB4}.Debug|Any CPU.Build.0 = Debug|Any CPU
		{9B637FA8-3C23-33EA-DB12-6AC7BFAB2AB4}.Release|Any CPU.ActiveCfg = Release|Any CPU
		{9B637FA8-3C23-33EA-DB12-6AC7BFAB2AB4}.Release|Any CPU.Build.0 = Release|Any CPU
		{90B8C92A-4AC9-B599-2598-EC6ED9036F1D}.Debug|Any CPU.ActiveCfg = Debug|Any CPU
		{90B8C92A-4AC9-B599-2598-EC6ED9036F1D}.Debug|Any CPU.Build.0 = Debug|Any CPU
		{90B8C92A-4AC9-B599-2598-EC6ED9036F1D}.Release|Any CPU.ActiveCfg = Release|Any CPU
		{90B8C92A-4AC9-B599-2598-EC6ED9036F1D}.Release|Any CPU.Build.0 = Release|Any CPU
		{0408FA6C-306E-4D1A-61AF-288D1912190B}.Debug|Any CPU.ActiveCfg = Debug|Any CPU
		{0408FA6C-306E-4D1A-61AF-288D1912190B}.Debug|Any CPU.Build.0 = Debug|Any CPU
		{0408FA6C-306E-4D1A-61AF-288D1912190B}.Release|Any CPU.ActiveCfg = Release|Any CPU
		{0408FA6C-306E-4D1A-61AF-288D1912190B}.Release|Any CPU.Build.0 = Release|Any CPU
		{DE076051-8B75-BD14-D183-A245040DF1F8}.Debug|Any CPU.ActiveCfg = Debug|Any CPU
		{DE076051-8B75-BD14-D183-A245040DF1F8}.Debug|Any CPU.Build.0 = Debug|Any CPU
		{DE076051-8B75-BD14-D183-A245040DF1F8}.Release|Any CPU.ActiveCfg = Release|Any CPU
		{DE076051-8B75-BD14-D183-A245040DF1F8}.Release|Any CPU.Build.0 = Release|Any CPU
		{6D407411-E211-CC1F-8BA8-E82D6EC2B621}.Debug|Any CPU.ActiveCfg = Debug|Any CPU
		{6D407411-E211-CC1F-8BA8-E82D6EC2B621}.Debug|Any CPU.Build.0 = Debug|Any CPU
		{6D407411-E211-CC1F-8BA8-E82D6EC2B621}.Release|Any CPU.ActiveCfg = Release|Any CPU
		{6D407411-E211-CC1F-8BA8-E82D6EC2B621}.Release|Any CPU.Build.0 = Release|Any CPU
		{D2F4ABFA-20A1-DBF4-1950-FEA2BF0B5BE4}.Debug|Any CPU.ActiveCfg = Debug|Any CPU
		{D2F4ABFA-20A1-DBF4-1950-FEA2BF0B5BE4}.Debug|Any CPU.Build.0 = Debug|Any CPU
		{D2F4ABFA-20A1-DBF4-1950-FEA2BF0B5BE4}.Release|Any CPU.ActiveCfg = Release|Any CPU
		{D2F4ABFA-20A1-DBF4-1950-FEA2BF0B5BE4}.Release|Any CPU.Build.0 = Release|Any CPU
		{369616DB-2B47-4D63-B26A-5726B3693487}.Debug|Any CPU.ActiveCfg = Debug|Any CPU
		{369616DB-2B47-4D63-B26A-5726B3693487}.Debug|Any CPU.Build.0 = Debug|Any CPU
		{369616DB-2B47-4D63-B26A-5726B3693487}.Release|Any CPU.ActiveCfg = Release|Any CPU
		{369616DB-2B47-4D63-B26A-5726B3693487}.Release|Any CPU.Build.0 = Release|Any CPU
		{7DF3E8E0-5470-42B0-ABDF-B5A0F89657ED}.Debug|Any CPU.ActiveCfg = Debug|Any CPU
		{7DF3E8E0-5470-42B0-ABDF-B5A0F89657ED}.Debug|Any CPU.Build.0 = Debug|Any CPU
		{7DF3E8E0-5470-42B0-ABDF-B5A0F89657ED}.Release|Any CPU.ActiveCfg = Release|Any CPU
		{7DF3E8E0-5470-42B0-ABDF-B5A0F89657ED}.Release|Any CPU.Build.0 = Release|Any CPU
		{15031D96-A0EE-4BC1-9A7B-C35BC3ECEDBE}.Debug|Any CPU.ActiveCfg = Debug|Any CPU
		{15031D96-A0EE-4BC1-9A7B-C35BC3ECEDBE}.Debug|Any CPU.Build.0 = Debug|Any CPU
		{15031D96-A0EE-4BC1-9A7B-C35BC3ECEDBE}.Release|Any CPU.ActiveCfg = Release|Any CPU
		{15031D96-A0EE-4BC1-9A7B-C35BC3ECEDBE}.Release|Any CPU.Build.0 = Release|Any CPU
		{F3A44F42-8762-42D8-8BF8-94C1720DDA73}.Debug|Any CPU.ActiveCfg = Debug|Any CPU
		{F3A44F42-8762-42D8-8BF8-94C1720DDA73}.Debug|Any CPU.Build.0 = Debug|Any CPU
		{F3A44F42-8762-42D8-8BF8-94C1720DDA73}.Release|Any CPU.ActiveCfg = Release|Any CPU
		{F3A44F42-8762-42D8-8BF8-94C1720DDA73}.Release|Any CPU.Build.0 = Release|Any CPU
		{EDBAB6D5-5E00-441A-A49E-AEE5B1892C35}.Debug|Any CPU.ActiveCfg = Debug|Any CPU
		{EDBAB6D5-5E00-441A-A49E-AEE5B1892C35}.Debug|Any CPU.Build.0 = Debug|Any CPU
		{EDBAB6D5-5E00-441A-A49E-AEE5B1892C35}.Release|Any CPU.ActiveCfg = Release|Any CPU
		{EDBAB6D5-5E00-441A-A49E-AEE5B1892C35}.Release|Any CPU.Build.0 = Release|Any CPU
		{25C29E32-A647-47FA-8379-FD579063015E}.Debug|Any CPU.ActiveCfg = Debug|Any CPU
		{25C29E32-A647-47FA-8379-FD579063015E}.Debug|Any CPU.Build.0 = Debug|Any CPU
		{25C29E32-A647-47FA-8379-FD579063015E}.Release|Any CPU.ActiveCfg = Release|Any CPU
		{25C29E32-A647-47FA-8379-FD579063015E}.Release|Any CPU.Build.0 = Release|Any CPU
		{9BA99A52-469B-495F-884B-EAD11CA6A38C}.Debug|Any CPU.ActiveCfg = Debug|Any CPU
		{9BA99A52-469B-495F-884B-EAD11CA6A38C}.Debug|Any CPU.Build.0 = Debug|Any CPU
		{9BA99A52-469B-495F-884B-EAD11CA6A38C}.Release|Any CPU.ActiveCfg = Release|Any CPU
		{9BA99A52-469B-495F-884B-EAD11CA6A38C}.Release|Any CPU.Build.0 = Release|Any CPU
		{381CDA8E-0B46-495A-962C-7D56C00911C9}.Debug|Any CPU.ActiveCfg = Debug|Any CPU
		{381CDA8E-0B46-495A-962C-7D56C00911C9}.Debug|Any CPU.Build.0 = Debug|Any CPU
		{381CDA8E-0B46-495A-962C-7D56C00911C9}.Release|Any CPU.ActiveCfg = Release|Any CPU
		{381CDA8E-0B46-495A-962C-7D56C00911C9}.Release|Any CPU.Build.0 = Release|Any CPU
	EndGlobalSection
	GlobalSection(SolutionProperties) = preSolution
		HideSolutionNode = FALSE
	EndGlobalSection
	GlobalSection(NestedProjects) = preSolution
		{A0D2A004-5821-4905-9A34-1D42FA38BB0D} = {02EA681E-C7D8-13C7-8484-4AC65E1B71E8}
		{DA131959-CD46-46CE-9931-B776F873152C} = {A0D2A004-5821-4905-9A34-1D42FA38BB0D}
		{AD0D85D2-3A45-44BF-B9DA-693458B093FC} = {A0D2A004-5821-4905-9A34-1D42FA38BB0D}
		{F6AC2780-98E4-4D2B-8341-C437051208C5} = {A0D2A004-5821-4905-9A34-1D42FA38BB0D}
		{42BB57D7-AFD3-4FA6-5CD5-226EF88F63AD} = {A0D2A004-5821-4905-9A34-1D42FA38BB0D}
		{8AAEE007-0AAE-45FA-B88C-2F25FF70F5B4} = {02EA681E-C7D8-13C7-8484-4AC65E1B71E8}
		{E82CF292-B80F-4989-B674-1E53D2606AF8} = {8AAEE007-0AAE-45FA-B88C-2F25FF70F5B4}
		{14AF476E-6137-46C8-A111-C94944D33B3F} = {8AAEE007-0AAE-45FA-B88C-2F25FF70F5B4}
		{C16183EF-3C90-44A7-891C-29594C9496A4} = {02EA681E-C7D8-13C7-8484-4AC65E1B71E8}
		{4508CFE4-DD6A-172C-B3A2-A2F122D3161B} = {C16183EF-3C90-44A7-891C-29594C9496A4}
		{92237F8D-270E-99ED-2100-45E69D158EFF} = {C16183EF-3C90-44A7-891C-29594C9496A4}
		{AAF633D7-5B55-804B-87B1-7032EDE63134} = {C16183EF-3C90-44A7-891C-29594C9496A4}
		{31304B2D-945F-98A2-22DD-5A6B49FBEF2D} = {C16183EF-3C90-44A7-891C-29594C9496A4}
		{897881F8-CFD1-4BD0-82CF-CAF01D2983E7} = {02EA681E-C7D8-13C7-8484-4AC65E1B71E8}
		{1A39C0D6-7562-4861-9799-6C928F98FDEC} = {897881F8-CFD1-4BD0-82CF-CAF01D2983E7}
		{4D481606-3DB5-4555-996A-43259363150A} = {897881F8-CFD1-4BD0-82CF-CAF01D2983E7}
		{385EEEA3-E529-45C1-8426-03C8D1FC181C} = {897881F8-CFD1-4BD0-82CF-CAF01D2983E7}
		{50FB79AE-61BC-4848-887D-42EC99AD98A3} = {897881F8-CFD1-4BD0-82CF-CAF01D2983E7}
		{620B78B4-C6B8-4E4B-B236-965076E9F038} = {02EA681E-C7D8-13C7-8484-4AC65E1B71E8}
		{985868B1-9D9D-4836-9AD0-9D09E554C89A} = {620B78B4-C6B8-4E4B-B236-965076E9F038}
		{F788D142-4237-44EB-8A86-7DCBC0C1BFDD} = {620B78B4-C6B8-4E4B-B236-965076E9F038}
		{51E575A1-505B-49A3-BAD0-2942AB07603D} = {02EA681E-C7D8-13C7-8484-4AC65E1B71E8}
		{2F1EDE30-525D-4D4E-A32E-7F3FC8073465} = {51E575A1-505B-49A3-BAD0-2942AB07603D}
		{32BC9805-778E-4089-AF25-EE90999F6CE2} = {02EA681E-C7D8-13C7-8484-4AC65E1B71E8}
		{D7FFC4A5-A041-4148-8A8C-75BBA05557E2} = {02EA681E-C7D8-13C7-8484-4AC65E1B71E8}
		{84C4CEB5-AA90-E4D0-AE48-6A167F463355} = {32BC9805-778E-4089-AF25-EE90999F6CE2}
		{FB11E4EF-59D0-02B3-E048-ADE1C1F5E96F} = {32BC9805-778E-4089-AF25-EE90999F6CE2}
		{9B637FA8-3C23-33EA-DB12-6AC7BFAB2AB4} = {32BC9805-778E-4089-AF25-EE90999F6CE2}
		{90B8C92A-4AC9-B599-2598-EC6ED9036F1D} = {32BC9805-778E-4089-AF25-EE90999F6CE2}
		{0408FA6C-306E-4D1A-61AF-288D1912190B} = {D7FFC4A5-A041-4148-8A8C-75BBA05557E2}
		{DE076051-8B75-BD14-D183-A245040DF1F8} = {D7FFC4A5-A041-4148-8A8C-75BBA05557E2}
		{6D407411-E211-CC1F-8BA8-E82D6EC2B621} = {D7FFC4A5-A041-4148-8A8C-75BBA05557E2}
		{D2F4ABFA-20A1-DBF4-1950-FEA2BF0B5BE4} = {D7FFC4A5-A041-4148-8A8C-75BBA05557E2}
		{F1D49855-0D9B-4135-8506-85DBB3BBE6F5} = {02EA681E-C7D8-13C7-8484-4AC65E1B71E8}
		{0F4AADF8-18A8-4164-8CAC-88059D01ACB0} = {02EA681E-C7D8-13C7-8484-4AC65E1B71E8}
		{369616DB-2B47-4D63-B26A-5726B3693487} = {0F4AADF8-18A8-4164-8CAC-88059D01ACB0}
		{7DF3E8E0-5470-42B0-ABDF-B5A0F89657ED} = {0F4AADF8-18A8-4164-8CAC-88059D01ACB0}
		{15031D96-A0EE-4BC1-9A7B-C35BC3ECEDBE} = {0F4AADF8-18A8-4164-8CAC-88059D01ACB0}
		{F3A44F42-8762-42D8-8BF8-94C1720DDA73} = {0F4AADF8-18A8-4164-8CAC-88059D01ACB0}
		{F033C1C0-1EE0-45FE-BAC3-DE92ADE95AEA} = {02EA681E-C7D8-13C7-8484-4AC65E1B71E8}
		{EDBAB6D5-5E00-441A-A49E-AEE5B1892C35} = {F033C1C0-1EE0-45FE-BAC3-DE92ADE95AEA}
		{25C29E32-A647-47FA-8379-FD579063015E} = {F033C1C0-1EE0-45FE-BAC3-DE92ADE95AEA}
		{9BA99A52-469B-495F-884B-EAD11CA6A38C} = {F033C1C0-1EE0-45FE-BAC3-DE92ADE95AEA}
		{381CDA8E-0B46-495A-962C-7D56C00911C9} = {F033C1C0-1EE0-45FE-BAC3-DE92ADE95AEA}
	EndGlobalSection
	GlobalSection(ExtensibilityGlobals) = postSolution
		SolutionGuid = {8C5B4BDE-4A30-4D3A-90C7-3EF5A9157634}
	EndGlobalSection
EndGlobal
