
Microsoft Visual Studio Solution File, Format Version 12.00
# Visual Studio Version 17
VisualStudioVersion = 17.13.35818.85
MinimumVisualStudioVersion = 10.0.40219.1
Project("{FAE04EC0-301F-11D3-BF4B-00C04F79EFBC}") = "RCP.Project", "RCP.Project\RCP.Project.csproj", "{B234B8F1-E681-4DE6-9C5E-47093F937CE5}"
EndProject
Project("{2150E333-8FDC-42A3-9474-1A3956D46DE8}") = "Services", "Services", "{02EA681E-C7D8-13C7-8484-4AC65E1B71E8}"
EndProject
Project("{2150E333-8FDC-42A3-9474-1A3956D46DE8}") = "Authentication", "Authentication", "{A0D2A004-5821-4905-9A34-1D42FA38BB0D}"
EndProject
Project("{FAE04EC0-301F-11D3-BF4B-00C04F79EFBC}") = "RCP.Authentication.Domain", "Services\Authentication\RCP.Authentication.Domain\RCP.Authentication.Domain.csproj", "{DA131959-CD46-46CE-9931-B776F873152C}"
EndProject
Project("{FAE04EC0-301F-11D3-BF4B-00C04F79EFBC}") = "RCP.Authentication.ApplicationService", "Services\Authentication\RCP.Authentication.ApplicationServices\RCP.Authentication.ApplicationService.csproj", "{AD0D85D2-3A45-44BF-B9DA-693458B093FC}"
EndProject
Project("{FAE04EC0-301F-11D3-BF4B-00C04F79EFBC}") = "RCP.Authentication.Dtos", "Services\Authentication\RCP.Authentication.Dtos\RCP.Authentication.Dtos.csproj", "{F6AC2780-98E4-4D2B-8341-C437051208C5}"
EndProject
Project("{FAE04EC0-301F-11D3-BF4B-00C04F79EFBC}") = "RCP.Authentication.Infrastructure", "Services\Authentication\RCP.Authentication.Infrastructure\RCP.Authentication.Infrastructure.csproj", "{42BB57D7-AFD3-4FA6-5CD5-226EF88F63AD}"
EndProject
Project("{2150E333-8FDC-42A3-9474-1A3956D46DE8}") = "Shared", "Shared", "{8AAEE007-0AAE-45FA-B88C-2F25FF70F5B4}"
EndProject
Project("{FAE04EC0-301F-11D3-BF4B-00C04F79EFBC}") = "RCP.Shared.Constant", "Services\Shared\RCP.Shared.Constant\RCP.Shared.Constant.csproj", "{E82CF292-B80F-4989-B674-1E53D2606AF8}"
EndProject
Project("{FAE04EC0-301F-11D3-BF4B-00C04F79EFBC}") = "RCP.Shared.ApplicationService", "Services\Shared\RCP.Shared.ApplicationService\RCP.Shared.ApplicationService.csproj", "{14AF476E-6137-46C8-A111-C94944D33B3F}"
EndProject
Project("{2150E333-8FDC-42A3-9474-1A3956D46DE8}") = "Movie", "Movie", "{C16183EF-3C90-44A7-891C-29594C9496A4}"
EndProject
Project("{FAE04EC0-301F-11D3-BF4B-00C04F79EFBC}") = "RCP.Movie.ApplicationServices", "Services\Movie\RCP.Movie.ApplicationServices\RCP.Movie.ApplicationServices.csproj", "{4508CFE4-DD6A-172C-B3A2-A2F122D3161B}"
EndProject
Project("{FAE04EC0-301F-11D3-BF4B-00C04F79EFBC}") = "RCP.Movie.Domain", "Services\Movie\RCP.Movie.Domain\RCP.Movie.Domain.csproj", "{92237F8D-270E-99ED-2100-45E69D158EFF}"
EndProject
Project("{FAE04EC0-301F-11D3-BF4B-00C04F79EFBC}") = "RCP.Movie.Dtos", "Services\Movie\RCP.Movie.Dtos\RCP.Movie.Dtos.csproj", "{AAF633D7-5B55-804B-87B1-7032EDE63134}"
EndProject
Project("{FAE04EC0-301F-11D3-BF4B-00C04F79EFBC}") = "RCP.Movie.Infrastructure", "Services\Movie\RCP.Movie.Infrastructure\RCP.Movie.Infrastructure.csproj", "{31304B2D-945F-98A2-22DD-5A6B49FBEF2D}"
EndProject
Project("{2150E333-8FDC-42A3-9474-1A3956D46DE8}") = "Cinema", "Cinema", "{84B014B9-A566-4FA4-AFE4-66C7A8DB56C3}"
EndProject
Project("{FAE04EC0-301F-11D3-BF4B-00C04F79EFBC}") = "RCP.Cinema.ApplicationServices", "RCP.Cinema.ApplicationServices\RCP.Cinema.ApplicationServices.csproj", "{C9CCE31A-4FD8-48FA-8A10-7C8DAEA3ECF1}"
EndProject
Project("{FAE04EC0-301F-11D3-BF4B-00C04F79EFBC}") = "RCP.Cinema.Domain", "RCP.Cinema.Domain\RCP.Cinema.Domain.csproj", "{FCAEB437-A2BA-4407-89F6-4950BB07FFA4}"
EndProject
Project("{FAE04EC0-301F-11D3-BF4B-00C04F79EFBC}") = "RCP.Cinema.Dtos", "RCP.Cinema.Dtos\RCP.Cinema.Dtos.csproj", "{7DD930FF-1E59-41D5-862D-CB11F4398E62}"
EndProject
Project("{FAE04EC0-301F-11D3-BF4B-00C04F79EFBC}") = "RCP.Cinema.Infrastructure", "RCP.Cinema.Infrastructure\RCP.Cinema.Infrastructure.csproj", "{839B3D2B-416B-4A2A-820D-D79AC0DB2EC4}"
EndProject
Global
	GlobalSection(SolutionConfigurationPlatforms) = preSolution
		Debug|Any CPU = Debug|Any CPU
		Release|Any CPU = Release|Any CPU
	EndGlobalSection
	GlobalSection(ProjectConfigurationPlatforms) = postSolution
		{B234B8F1-E681-4DE6-9C5E-47093F937CE5}.Debug|Any CPU.ActiveCfg = Debug|Any CPU
		{B234B8F1-E681-4DE6-9C5E-47093F937CE5}.Debug|Any CPU.Build.0 = Debug|Any CPU
		{B234B8F1-E681-4DE6-9C5E-47093F937CE5}.Release|Any CPU.ActiveCfg = Release|Any CPU
		{B234B8F1-E681-4DE6-9C5E-47093F937CE5}.Release|Any CPU.Build.0 = Release|Any CPU
		{DA131959-CD46-46CE-9931-B776F873152C}.Debug|Any CPU.ActiveCfg = Debug|Any CPU
		{DA131959-CD46-46CE-9931-B776F873152C}.Debug|Any CPU.Build.0 = Debug|Any CPU
		{DA131959-CD46-46CE-9931-B776F873152C}.Release|Any CPU.ActiveCfg = Release|Any CPU
		{DA131959-CD46-46CE-9931-B776F873152C}.Release|Any CPU.Build.0 = Release|Any CPU
		{AD0D85D2-3A45-44BF-B9DA-693458B093FC}.Debug|Any CPU.ActiveCfg = Debug|Any CPU
		{AD0D85D2-3A45-44BF-B9DA-693458B093FC}.Debug|Any CPU.Build.0 = Debug|Any CPU
		{AD0D85D2-3A45-44BF-B9DA-693458B093FC}.Release|Any CPU.ActiveCfg = Release|Any CPU
		{AD0D85D2-3A45-44BF-B9DA-693458B093FC}.Release|Any CPU.Build.0 = Release|Any CPU
		{F6AC2780-98E4-4D2B-8341-C437051208C5}.Debug|Any CPU.ActiveCfg = Debug|Any CPU
		{F6AC2780-98E4-4D2B-8341-C437051208C5}.Debug|Any CPU.Build.0 = Debug|Any CPU
		{F6AC2780-98E4-4D2B-8341-C437051208C5}.Release|Any CPU.ActiveCfg = Release|Any CPU
		{F6AC2780-98E4-4D2B-8341-C437051208C5}.Release|Any CPU.Build.0 = Release|Any CPU
		{42BB57D7-AFD3-4FA6-5CD5-226EF88F63AD}.Debug|Any CPU.ActiveCfg = Debug|Any CPU
		{42BB57D7-AFD3-4FA6-5CD5-226EF88F63AD}.Debug|Any CPU.Build.0 = Debug|Any CPU
		{42BB57D7-AFD3-4FA6-5CD5-226EF88F63AD}.Release|Any CPU.ActiveCfg = Release|Any CPU
		{42BB57D7-AFD3-4FA6-5CD5-226EF88F63AD}.Release|Any CPU.Build.0 = Release|Any CPU
		{E82CF292-B80F-4989-B674-1E53D2606AF8}.Debug|Any CPU.ActiveCfg = Debug|Any CPU
		{E82CF292-B80F-4989-B674-1E53D2606AF8}.Debug|Any CPU.Build.0 = Debug|Any CPU
		{E82CF292-B80F-4989-B674-1E53D2606AF8}.Release|Any CPU.ActiveCfg = Release|Any CPU
		{E82CF292-B80F-4989-B674-1E53D2606AF8}.Release|Any CPU.Build.0 = Release|Any CPU
		{14AF476E-6137-46C8-A111-C94944D33B3F}.Debug|Any CPU.ActiveCfg = Debug|Any CPU
		{14AF476E-6137-46C8-A111-C94944D33B3F}.Debug|Any CPU.Build.0 = Debug|Any CPU
		{14AF476E-6137-46C8-A111-C94944D33B3F}.Release|Any CPU.ActiveCfg = Release|Any CPU
		{14AF476E-6137-46C8-A111-C94944D33B3F}.Release|Any CPU.Build.0 = Release|Any CPU
		{4508CFE4-DD6A-172C-B3A2-A2F122D3161B}.Debug|Any CPU.ActiveCfg = Debug|Any CPU
		{4508CFE4-DD6A-172C-B3A2-A2F122D3161B}.Debug|Any CPU.Build.0 = Debug|Any CPU
		{4508CFE4-DD6A-172C-B3A2-A2F122D3161B}.Release|Any CPU.ActiveCfg = Release|Any CPU
		{4508CFE4-DD6A-172C-B3A2-A2F122D3161B}.Release|Any CPU.Build.0 = Release|Any CPU
		{92237F8D-270E-99ED-2100-45E69D158EFF}.Debug|Any CPU.ActiveCfg = Debug|Any CPU
		{92237F8D-270E-99ED-2100-45E69D158EFF}.Debug|Any CPU.Build.0 = Debug|Any CPU
		{92237F8D-270E-99ED-2100-45E69D158EFF}.Release|Any CPU.ActiveCfg = Release|Any CPU
		{92237F8D-270E-99ED-2100-45E69D158EFF}.Release|Any CPU.Build.0 = Release|Any CPU
		{AAF633D7-5B55-804B-87B1-7032EDE63134}.Debug|Any CPU.ActiveCfg = Debug|Any CPU
		{AAF633D7-5B55-804B-87B1-7032EDE63134}.Debug|Any CPU.Build.0 = Debug|Any CPU
		{AAF633D7-5B55-804B-87B1-7032EDE63134}.Release|Any CPU.ActiveCfg = Release|Any CPU
		{AAF633D7-5B55-804B-87B1-7032EDE63134}.Release|Any CPU.Build.0 = Release|Any CPU
		{31304B2D-945F-98A2-22DD-5A6B49FBEF2D}.Debug|Any CPU.ActiveCfg = Debug|Any CPU
		{31304B2D-945F-98A2-22DD-5A6B49FBEF2D}.Debug|Any CPU.Build.0 = Debug|Any CPU
		{31304B2D-945F-98A2-22DD-5A6B49FBEF2D}.Release|Any CPU.ActiveCfg = Release|Any CPU
		{31304B2D-945F-98A2-22DD-5A6B49FBEF2D}.Release|Any CPU.Build.0 = Release|Any CPU
		{C9CCE31A-4FD8-48FA-8A10-7C8DAEA3ECF1}.Debug|Any CPU.ActiveCfg = Debug|Any CPU
		{C9CCE31A-4FD8-48FA-8A10-7C8DAEA3ECF1}.Debug|Any CPU.Build.0 = Debug|Any CPU
		{C9CCE31A-4FD8-48FA-8A10-7C8DAEA3ECF1}.Release|Any CPU.ActiveCfg = Release|Any CPU
		{C9CCE31A-4FD8-48FA-8A10-7C8DAEA3ECF1}.Release|Any CPU.Build.0 = Release|Any CPU
		{FCAEB437-A2BA-4407-89F6-4950BB07FFA4}.Debug|Any CPU.ActiveCfg = Debug|Any CPU
		{FCAEB437-A2BA-4407-89F6-4950BB07FFA4}.Debug|Any CPU.Build.0 = Debug|Any CPU
		{FCAEB437-A2BA-4407-89F6-4950BB07FFA4}.Release|Any CPU.ActiveCfg = Release|Any CPU
		{FCAEB437-A2BA-4407-89F6-4950BB07FFA4}.Release|Any CPU.Build.0 = Release|Any CPU
		{7DD930FF-1E59-41D5-862D-CB11F4398E62}.Debug|Any CPU.ActiveCfg = Debug|Any CPU
		{7DD930FF-1E59-41D5-862D-CB11F4398E62}.Debug|Any CPU.Build.0 = Debug|Any CPU
		{7DD930FF-1E59-41D5-862D-CB11F4398E62}.Release|Any CPU.ActiveCfg = Release|Any CPU
		{7DD930FF-1E59-41D5-862D-CB11F4398E62}.Release|Any CPU.Build.0 = Release|Any CPU
		{839B3D2B-416B-4A2A-820D-D79AC0DB2EC4}.Debug|Any CPU.ActiveCfg = Debug|Any CPU
		{839B3D2B-416B-4A2A-820D-D79AC0DB2EC4}.Debug|Any CPU.Build.0 = Debug|Any CPU
		{839B3D2B-416B-4A2A-820D-D79AC0DB2EC4}.Release|Any CPU.ActiveCfg = Release|Any CPU
		{839B3D2B-416B-4A2A-820D-D79AC0DB2EC4}.Release|Any CPU.Build.0 = Release|Any CPU
	EndGlobalSection
	GlobalSection(SolutionProperties) = preSolution
		HideSolutionNode = FALSE
	EndGlobalSection
	GlobalSection(NestedProjects) = preSolution
		{A0D2A004-5821-4905-9A34-1D42FA38BB0D} = {02EA681E-C7D8-13C7-8484-4AC65E1B71E8}
		{DA131959-CD46-46CE-9931-B776F873152C} = {A0D2A004-5821-4905-9A34-1D42FA38BB0D}
		{AD0D85D2-3A45-44BF-B9DA-693458B093FC} = {A0D2A004-5821-4905-9A34-1D42FA38BB0D}
		{F6AC2780-98E4-4D2B-8341-C437051208C5} = {A0D2A004-5821-4905-9A34-1D42FA38BB0D}
		{42BB57D7-AFD3-4FA6-5CD5-226EF88F63AD} = {A0D2A004-5821-4905-9A34-1D42FA38BB0D}
		{8AAEE007-0AAE-45FA-B88C-2F25FF70F5B4} = {02EA681E-C7D8-13C7-8484-4AC65E1B71E8}
		{E82CF292-B80F-4989-B674-1E53D2606AF8} = {8AAEE007-0AAE-45FA-B88C-2F25FF70F5B4}
		{14AF476E-6137-46C8-A111-C94944D33B3F} = {8AAEE007-0AAE-45FA-B88C-2F25FF70F5B4}
		{C16183EF-3C90-44A7-891C-29594C9496A4} = {02EA681E-C7D8-13C7-8484-4AC65E1B71E8}
		{4508CFE4-DD6A-172C-B3A2-A2F122D3161B} = {C16183EF-3C90-44A7-891C-29594C9496A4}
		{92237F8D-270E-99ED-2100-45E69D158EFF} = {C16183EF-3C90-44A7-891C-29594C9496A4}
		{AAF633D7-5B55-804B-87B1-7032EDE63134} = {C16183EF-3C90-44A7-891C-29594C9496A4}
		{31304B2D-945F-98A2-22DD-5A6B49FBEF2D} = {C16183EF-3C90-44A7-891C-29594C9496A4}
		{84B014B9-A566-4FA4-AFE4-66C7A8DB56C3} = {02EA681E-C7D8-13C7-8484-4AC65E1B71E8}
		{C9CCE31A-4FD8-48FA-8A10-7C8DAEA3ECF1} = {84B014B9-A566-4FA4-AFE4-66C7A8DB56C3}
		{FCAEB437-A2BA-4407-89F6-4950BB07FFA4} = {84B014B9-A566-4FA4-AFE4-66C7A8DB56C3}
		{7DD930FF-1E59-41D5-862D-CB11F4398E62} = {84B014B9-A566-4FA4-AFE4-66C7A8DB56C3}
		{839B3D2B-416B-4A2A-820D-D79AC0DB2EC4} = {84B014B9-A566-4FA4-AFE4-66C7A8DB56C3}
	EndGlobalSection
	GlobalSection(ExtensibilityGlobals) = postSolution
		SolutionGuid = {8C5B4BDE-4A30-4D3A-90C7-3EF5A9157634}
	EndGlobalSection
EndGlobal
